
Microsoft Visual Studio Solution File, Format Version 12.00
# Visual Studio 15
VisualStudioVersion = 15.0.26730.15
MinimumVisualStudioVersion = 10.0.40219.1
Project("{FAE04EC0-301F-11D3-BF4B-00C04F79EFBC}") = "Lab2", "Lab2\Lab2.csproj", "{51B67A75-2A33-4A38-862E-58A84E6C02DF}"
EndProject
Global
	GlobalSection(SolutionConfigurationPlatforms) = preSolution
		Debug|x86 = Debug|x86
		Release|x86 = Release|x86
	EndGlobalSection
	GlobalSection(ProjectConfigurationPlatforms) = postSolution
		{51B67A75-2A33-4A38-862E-58A84E6C02DF}.Debug|x86.ActiveCfg = Debug|x86
		{51B67A75-2A33-4A38-862E-58A84E6C02DF}.Debug|x86.Build.0 = Debug|x86
		{51B67A75-2A33-4A38-862E-58A84E6C02DF}.Release|x86.ActiveCfg = Release|x86
		{51B67A75-2A33-4A38-862E-58A84E6C02DF}.Release|x86.Build.0 = Release|x86
	EndGlobalSection
	GlobalSection(SolutionProperties) = preSolution
		HideSolutionNode = FALSE
	EndGlobalSection
	GlobalSection(ExtensibilityGlobals) = postSolution
		SolutionGuid = {B6B7B81A-43F7-46B2-AC09-FC33ECA65F2C}
	EndGlobalSection
EndGlobal
